// !$*UTF8*$!
{
	archiveVersion = 1;
	classes = {
	};
	objectVersion = 50;
	objects = {

/* Begin PBXBuildFile section */
		9A911CEF24979DD4006D0129 /* AppDelegate.swift in Sources */ = {isa = PBXBuildFile; fileRef = 9A911CEE24979DD4006D0129 /* AppDelegate.swift */; };
		9A911CF124979DD4006D0129 /* SceneDelegate.swift in Sources */ = {isa = PBXBuildFile; fileRef = 9A911CF024979DD4006D0129 /* SceneDelegate.swift */; };
		9A911CF324979DD4006D0129 /* ContentView.swift in Sources */ = {isa = PBXBuildFile; fileRef = 9A911CF224979DD4006D0129 /* ContentView.swift */; };
		9A911CF524979DDB006D0129 /* Assets.xcassets in Resources */ = {isa = PBXBuildFile; fileRef = 9A911CF424979DDB006D0129 /* Assets.xcassets */; };
		9A911CF824979DDB006D0129 /* Preview Assets.xcassets in Resources */ = {isa = PBXBuildFile; fileRef = 9A911CF724979DDB006D0129 /* Preview Assets.xcassets */; };
		9A911CFB24979DDC006D0129 /* LaunchScreen.storyboard in Resources */ = {isa = PBXBuildFile; fileRef = 9A911CF924979DDC006D0129 /* LaunchScreen.storyboard */; };
/* End PBXBuildFile section */

/* Begin PBXFileReference section */
		9A911CEB24979DD4006D0129 /* login_iOS.app */ = {isa = PBXFileReference; explicitFileType = wrapper.application; includeInIndex = 0; path = login_iOS.app; sourceTree = BUILT_PRODUCTS_DIR; };
		9A911CEE24979DD4006D0129 /* AppDelegate.swift */ = {isa = PBXFileReference; lastKnownFileType = sourcecode.swift; path = AppDelegate.swift; sourceTree = "<group>"; };
		9A911CF024979DD4006D0129 /* SceneDelegate.swift */ = {isa = PBXFileReference; lastKnownFileType = sourcecode.swift; path = SceneDelegate.swift; sourceTree = "<group>"; };
		9A911CF224979DD4006D0129 /* ContentView.swift */ = {isa = PBXFileReference; lastKnownFileType = sourcecode.swift; path = ContentView.swift; sourceTree = "<group>"; };
		9A911CF424979DDB006D0129 /* Assets.xcassets */ = {isa = PBXFileReference; lastKnownFileType = folder.assetcatalog; path = Assets.xcassets; sourceTree = "<group>"; };
		9A911CF724979DDB006D0129 /* Preview Assets.xcassets */ = {isa = PBXFileReference; lastKnownFileType = folder.assetcatalog; path = "Preview Assets.xcassets"; sourceTree = "<group>"; };
		9A911CFA24979DDC006D0129 /* Base */ = {isa = PBXFileReference; lastKnownFileType = file.storyboard; name = Base; path = Base.lproj/LaunchScreen.storyboard; sourceTree = "<group>"; };
		9A911CFC24979DDC006D0129 /* Info.plist */ = {isa = PBXFileReference; lastKnownFileType = text.plist.xml; path = Info.plist; sourceTree = "<group>"; };
		9A911D0224979F23006D0129 /* Backend */ = {isa = PBXFileReference; lastKnownFileType = folder; path = Backend; sourceTree = "<group>"; };
/* End PBXFileReference section */

/* Begin PBXFrameworksBuildPhase section */
		9A911CE824979DD4006D0129 /* Frameworks */ = {
			isa = PBXFrameworksBuildPhase;
			buildActionMask = 2147483647;
			files = (
			);
			runOnlyForDeploymentPostprocessing = 0;
		};
/* End PBXFrameworksBuildPhase section */

/* Begin PBXGroup section */
		9A911CE224979DD4006D0129 = {
			isa = PBXGroup;
			children = (
				9A911D0224979F23006D0129 /* Backend */,
				9A911CED24979DD4006D0129 /* login_iOS */,
				9A911CEC24979DD4006D0129 /* Products */,
			);
			sourceTree = "<group>";
		};
		9A911CEC24979DD4006D0129 /* Products */ = {
			isa = PBXGroup;
			children = (
				9A911CEB24979DD4006D0129 /* login_iOS.app */,
			);
			name = Products;
			sourceTree = "<group>";
		};
		9A911CED24979DD4006D0129 /* login_iOS */ = {
			isa = PBXGroup;
			children = (
				9A911CEE24979DD4006D0129 /* AppDelegate.swift */,
				9A911CF024979DD4006D0129 /* SceneDelegate.swift */,
				9A911CF224979DD4006D0129 /* ContentView.swift */,
				9A911CF424979DDB006D0129 /* Assets.xcassets */,
				9A911CF924979DDC006D0129 /* LaunchScreen.storyboard */,
				9A911CFC24979DDC006D0129 /* Info.plist */,
				9A911CF624979DDB006D0129 /* Preview Content */,
			);
			path = login_iOS;
			sourceTree = "<group>";
		};
		9A911CF624979DDB006D0129 /* Preview Content */ = {
			isa = PBXGroup;
			children = (
				9A911CF724979DDB006D0129 /* Preview Assets.xcassets */,
			);
			path = "Preview Content";
			sourceTree = "<group>";
		};
/* End PBXGroup section */

/* Begin PBXNativeTarget section */
		9A911CEA24979DD4006D0129 /* login_iOS */ = {
			isa = PBXNativeTarget;
			buildConfigurationList = 9A911CFF24979DDC006D0129 /* Build configuration list for PBXNativeTarget "login_iOS" */;
			buildPhases = (
				9A911CE724979DD4006D0129 /* Sources */,
				9A911CE824979DD4006D0129 /* Frameworks */,
				9A911CE924979DD4006D0129 /* Resources */,
			);
			buildRules = (
			);
			dependencies = (
			);
			name = login_iOS;
			productName = login_iOS;
			productReference = 9A911CEB24979DD4006D0129 /* login_iOS.app */;
			productType = "com.apple.product-type.application";
		};
/* End PBXNativeTarget section */

/* Begin PBXProject section */
		9A911CE324979DD4006D0129 /* Project object */ = {
			isa = PBXProject;
			attributes = {
				LastSwiftUpdateCheck = 1140;
				LastUpgradeCheck = 1140;
				ORGANIZATIONNAME = ytyubox;
				TargetAttributes = {
					9A911CEA24979DD4006D0129 = {
						CreatedOnToolsVersion = 11.4;
					};
				};
			};
			buildConfigurationList = 9A911CE624979DD4006D0129 /* Build configuration list for PBXProject "login_iOS" */;
			compatibilityVersion = "Xcode 9.3";
			developmentRegion = en;
			hasScannedForEncodings = 0;
			knownRegions = (
				en,
				Base,
			);
			mainGroup = 9A911CE224979DD4006D0129;
			productRefGroup = 9A911CEC24979DD4006D0129 /* Products */;
			projectDirPath = "";
			projectRoot = "";
			targets = (
				9A911CEA24979DD4006D0129 /* login_iOS */,
			);
		};
/* End PBXProject section */

/* Begin PBXResourcesBuildPhase section */
		9A911CE924979DD4006D0129 /* Resources */ = {
			isa = PBXResourcesBuildPhase;
			buildActionMask = 2147483647;
			files = (
				9A911CFB24979DDC006D0129 /* LaunchScreen.storyboard in Resources */,
				9A911CF824979DDB006D0129 /* Preview Assets.xcassets in Resources */,
				9A911CF524979DDB006D0129 /* Assets.xcassets in Resources */,
			);
			runOnlyForDeploymentPostprocessing = 0;
		};
/* End PBXResourcesBuildPhase section */

/* Begin PBXSourcesBuildPhase section */
		9A911CE724979DD4006D0129 /* Sources */ = {
			isa = PBXSourcesBuildPhase;
			buildActionMask = 2147483647;
			files = (
				9A911CEF24979DD4006D0129 /* AppDelegate.swift in Sources */,
				9A911CF124979DD4006D0129 /* SceneDelegate.swift in Sources */,
				9A911CF324979DD4006D0129 /* ContentView.swift in Sources */,
			);
			runOnlyForDeploymentPostprocessing = 0;
		};
/* End PBXSourcesBuildPhase section */

/* Begin PBXVariantGroup section */
		9A911CF924979DDC006D0129 /* LaunchScreen.storyboard */ = {
			isa = PBXVariantGroup;
			children = (
				9A911CFA24979DDC006D0129 /* Base */,
			);
			name = LaunchScreen.storyboard;
			sourceTree = "<group>";
		};
/* End PBXVariantGroup section */

/* Begin XCBuildConfiguration section */
		9A911CFD24979DDC006D0129 /* Debug */ = {
			isa = XCBuildConfiguration;
			buildSettings = {
				ALWAYS_SEARCH_USER_PATHS = NO;
				CLANG_ANALYZER_NONNULL = YES;
				CLANG_ANALYZER_NUMBER_OBJECT_CONVERSION = YES_AGGRESSIVE;
				CLANG_CXX_LANGUAGE_STANDARD = "gnu++14";
				CLANG_CXX_LIBRARY = "libc++";
				CLANG_ENABLE_MODULES = YES;
				CLANG_ENABLE_OBJC_ARC = YES;
				CLANG_ENABLE_OBJC_WEAK = YES;
				CLANG_WARN_BLOCK_CAPTURE_AUTORELEASING = YES;
				CLANG_WARN_BOOL_CONVERSION = YES;
				CLANG_WARN_COMMA = YES;
				CLANG_WARN_CONSTANT_CONVERSION = YES;
				CLANG_WARN_DEPRECATED_OBJC_IMPLEMENTATIONS = YES;
				CLANG_WARN_DIRECT_OBJC_ISA_USAGE = YES_ERROR;
				CLANG_WARN_DOCUMENTATION_COMMENTS = YES;
				CLANG_WARN_EMPTY_BODY = YES;
				CLANG_WARN_ENUM_CONVERSION = YES;
				CLANG_WARN_INFINITE_RECURSION = YES;
				CLANG_WARN_INT_CONVERSION = YES;
				CLANG_WARN_NON_LITERAL_NULL_CONVERSION = YES;
				CLANG_WARN_OBJC_IMPLICIT_RETAIN_SELF = YES;
				CLANG_WARN_OBJC_LITERAL_CONVERSION = YES;
				CLANG_WARN_OBJC_ROOT_CLASS = YES_ERROR;
				CLANG_WARN_RANGE_LOOP_ANALYSIS = YES;
				CLANG_WARN_STRICT_PROTOTYPES = YES;
				CLANG_WARN_SUSPICIOUS_MOVE = YES;
				CLANG_WARN_UNGUARDED_AVAILABILITY = YES_AGGRESSIVE;
				CLANG_WARN_UNREACHABLE_CODE = YES;
				CLANG_WARN__DUPLICATE_METHOD_MATCH = YES;
				COPY_PHASE_STRIP = NO;
				DEBUG_INFORMATION_FORMAT = dwarf;
				ENABLE_STRICT_OBJC_MSGSEND = YES;
				ENABLE_TESTABILITY = YES;
				GCC_C_LANGUAGE_STANDARD = gnu11;
				GCC_DYNAMIC_NO_PIC = NO;
				GCC_NO_COMMON_BLOCKS = YES;
				GCC_OPTIMIZATION_LEVEL = 0;
				GCC_PREPROCESSOR_DEFINITIONS = (
					"DEBUG=1",
					"$(inherited)",
				);
				GCC_WARN_64_TO_32_BIT_CONVERSION = YES;
				GCC_WARN_ABOUT_RETURN_TYPE = YES_ERROR;
				GCC_WARN_UNDECLARED_SELECTOR = YES;
				GCC_WARN_UNINITIALIZED_AUTOS = YES_AGGRESSIVE;
				GCC_WARN_UNUSED_FUNCTION = YES;
				GCC_WARN_UNUSED_VARIABLE = YES;
				IPHONEOS_DEPLOYMENT_TARGET = 13.4;
				MTL_ENABLE_DEBUG_INFO = INCLUDE_SOURCE;
				MTL_FAST_MATH = YES;
				ONLY_ACTIVE_ARCH = YES;
				SDKROOT = iphoneos;
				SWIFT_ACTIVE_COMPILATION_CONDITIONS = DEBUG;
				SWIFT_OPTIMIZATION_LEVEL = "-Onone";
			};
			name = Debug;
		};
		9A911CFE24979DDC006D0129 /* Release */ = {
			isa = XCBuildConfiguration;
			buildSettings = {
				ALWAYS_SEARCH_USER_PATHS = NO;
				CLANG_ANALYZER_NONNULL = YES;
				CLANG_ANALYZER_NUMBER_OBJECT_CONVERSION = YES_AGGRESSIVE;
				CLANG_CXX_LANGUAGE_STANDARD = "gnu++14";
				CLANG_CXX_LIBRARY = "libc++";
				CLANG_ENABLE_MODULES = YES;
				CLANG_ENABLE_OBJC_ARC = YES;
				CLANG_ENABLE_OBJC_WEAK = YES;
				CLANG_WARN_BLOCK_CAPTURE_AUTORELEASING = YES;
				CLANG_WARN_BOOL_CONVERSION = YES;
				CLANG_WARN_COMMA = YES;
				CLANG_WARN_CONSTANT_CONVERSION = YES;
				CLANG_WARN_DEPRECATED_OBJC_IMPLEMENTATIONS = YES;
				CLANG_WARN_DIRECT_OBJC_ISA_USAGE = YES_ERROR;
				CLANG_WARN_DOCUMENTATION_COMMENTS = YES;
				CLANG_WARN_EMPTY_BODY = YES;
				CLANG_WARN_ENUM_CONVERSION = YES;
				CLANG_WARN_INFINITE_RECURSION = YES;
				CLANG_WARN_INT_CONVERSION = YES;
				CLANG_WARN_NON_LITERAL_NULL_CONVERSION = YES;
				CLANG_WARN_OBJC_IMPLICIT_RETAIN_SELF = YES;
				CLANG_WARN_OBJC_LITERAL_CONVERSION = YES;
				CLANG_WARN_OBJC_ROOT_CLASS = YES_ERROR;
				CLANG_WARN_RANGE_LOOP_ANALYSIS = YES;
				CLANG_WARN_STRICT_PROTOTYPES = YES;
				CLANG_WARN_SUSPICIOUS_MOVE = YES;
				CLANG_WARN_UNGUARDED_AVAILABILITY = YES_AGGRESSIVE;
				CLANG_WARN_UNREACHABLE_CODE = YES;
				CLANG_WARN__DUPLICATE_METHOD_MATCH = YES;
				COPY_PHASE_STRIP = NO;
				DEBUG_INFORMATION_FORMAT = "dwarf-with-dsym";
				ENABLE_NS_ASSERTIONS = NO;
				ENABLE_STRICT_OBJC_MSGSEND = YES;
				GCC_C_LANGUAGE_STANDARD = gnu11;
				GCC_NO_COMMON_BLOCKS = YES;
				GCC_WARN_64_TO_32_BIT_CONVERSION = YES;
				GCC_WARN_ABOUT_RETURN_TYPE = YES_ERROR;
				GCC_WARN_UNDECLARED_SELECTOR = YES;
				GCC_WARN_UNINITIALIZED_AUTOS = YES_AGGRESSIVE;
				GCC_WARN_UNUSED_FUNCTION = YES;
				GCC_WARN_UNUSED_VARIABLE = YES;
				IPHONEOS_DEPLOYMENT_TARGET = 13.4;
				MTL_ENABLE_DEBUG_INFO = NO;
				MTL_FAST_MATH = YES;
				SDKROOT = iphoneos;
				SWIFT_COMPILATION_MODE = wholemodule;
				SWIFT_OPTIMIZATION_LEVEL = "-O";
				VALIDATE_PRODUCT = YES;
			};
			name = Release;
		};
		9A911D0024979DDC006D0129 /* Debug */ = {
			isa = XCBuildConfiguration;
			buildSettings = {
				ASSETCATALOG_COMPILER_APPICON_NAME = AppIcon;
				CODE_SIGN_STYLE = Automatic;
				DEVELOPMENT_ASSET_PATHS = "\"login_iOS/Preview Content\"";
				DEVELOPMENT_TEAM = 3AMPL46LPV;
				ENABLE_PREVIEWS = YES;
				INFOPLIST_FILE = login_iOS/Info.plist;
				LD_RUNPATH_SEARCH_PATHS = (
					"$(inherited)",
					"@executable_path/Frameworks",
				);
				PRODUCT_BUNDLE_IDENTIFIER = "com.ytyubox.login-iOS";
				PRODUCT_NAME = "$(TARGET_NAME)";
				SWIFT_VERSION = 5.0;
				TARGETED_DEVICE_FAMILY = "1,2";
			};
			name = Debug;
		};
		9A911D0124979DDC006D0129 /* Release */ = {
			isa = XCBuildConfiguration;
			buildSettings = {
				ASSETCATALOG_COMPILER_APPICON_NAME = AppIcon;
				CODE_SIGN_STYLE = Automatic;
				DEVELOPMENT_ASSET_PATHS = "\"login_iOS/Preview Content\"";
				DEVELOPMENT_TEAM = 3AMPL46LPV;
				ENABLE_PREVIEWS = YES;
				INFOPLIST_FILE = login_iOS/Info.plist;
				LD_RUNPATH_SEARCH_PATHS = (
					"$(inherited)",
					"@executable_path/Frameworks",
				);
				PRODUCT_BUNDLE_IDENTIFIER = "com.ytyubox.login-iOS";
				PRODUCT_NAME = "$(TARGET_NAME)";
				SWIFT_VERSION = 5.0;
				TARGETED_DEVICE_FAMILY = "1,2";
			};
			name = Release;
		};
/* End XCBuildConfiguration section */

/* Begin XCConfigurationList section */
		9A911CE624979DD4006D0129 /* Build configuration list for PBXProject "login_iOS" */ = {
			isa = XCConfigurationList;
			buildConfigurations = (
				9A911CFD24979DDC006D0129 /* Debug */,
				9A911CFE24979DDC006D0129 /* Release */,
			);
			defaultConfigurationIsVisible = 0;
			defaultConfigurationName = Release;
		};
		9A911CFF24979DDC006D0129 /* Build configuration list for PBXNativeTarget "login_iOS" */ = {
			isa = XCConfigurationList;
			buildConfigurations = (
				9A911D0024979DDC006D0129 /* Debug */,
				9A911D0124979DDC006D0129 /* Release */,
			);
			defaultConfigurationIsVisible = 0;
			defaultConfigurationName = Release;
		};
/* End XCConfigurationList section */
	};
	rootObject = 9A911CE324979DD4006D0129 /* Project object */;
}
